
Microsoft Visual Studio Solution File, Format Version 12.00
Project("{FAE04EC0-301F-11D3-BF4B-00C04F79EFBC}") = "SSocial", "src\SSocial\SSocial.csproj", "{57EB0EFB-DA87-4E8E-82F2-3BFFECE763E4}"
EndProject
Project("{2150E333-8FDC-42A3-9474-1A3956D46DE8}") = "src", "src", "{1A3F5B2A-3888-4D2C-87DC-5BC816387AB8}"
EndProject
Project("{FAE04EC0-301F-11D3-BF4B-00C04F79EFBC}") = "Entities", "src\Entities\Entities.csproj", "{2CC2B830-4FE2-4C15-AE72-B0178A78A56E}"
EndProject
Global
	GlobalSection(SolutionConfigurationPlatforms) = preSolution
		Debug|Any CPU = Debug|Any CPU
		Release|Any CPU = Release|Any CPU
	EndGlobalSection
	GlobalSection(ProjectConfigurationPlatforms) = postSolution
		{57EB0EFB-DA87-4E8E-82F2-3BFFECE763E4}.Debug|Any CPU.ActiveCfg = Debug|Any CPU
		{57EB0EFB-DA87-4E8E-82F2-3BFFECE763E4}.Debug|Any CPU.Build.0 = Debug|Any CPU
		{57EB0EFB-DA87-4E8E-82F2-3BFFECE763E4}.Release|Any CPU.ActiveCfg = Release|Any CPU
		{57EB0EFB-DA87-4E8E-82F2-3BFFECE763E4}.Release|Any CPU.Build.0 = Release|Any CPU
		{2CC2B830-4FE2-4C15-AE72-B0178A78A56E}.Debug|Any CPU.ActiveCfg = Debug|Any CPU
		{2CC2B830-4FE2-4C15-AE72-B0178A78A56E}.Debug|Any CPU.Build.0 = Debug|Any CPU
		{2CC2B830-4FE2-4C15-AE72-B0178A78A56E}.Release|Any CPU.ActiveCfg = Release|Any CPU
		{2CC2B830-4FE2-4C15-AE72-B0178A78A56E}.Release|Any CPU.Build.0 = Release|Any CPU
	EndGlobalSection
	GlobalSection(NestedProjects) = preSolution
		{57EB0EFB-DA87-4E8E-82F2-3BFFECE763E4} = {1A3F5B2A-3888-4D2C-87DC-5BC816387AB8}
		{2CC2B830-4FE2-4C15-AE72-B0178A78A56E} = {1A3F5B2A-3888-4D2C-87DC-5BC816387AB8}
	EndGlobalSection
EndGlobal
