
Microsoft Visual Studio Solution File, Format Version 12.00
Project("{FAE04EC0-301F-11D3-BF4B-00C04F79EFBC}") = "SSocial", "src\SSocial\SSocial.csproj", "{57EB0EFB-DA87-4E8E-82F2-3BFFECE763E4}"
EndProject
Project("{2150E333-8FDC-42A3-9474-1A3956D46DE8}") = "src", "src", "{1A3F5B2A-3888-4D2C-87DC-5BC816387AB8}"
EndProject
Project("{2150E333-8FDC-42A3-9474-1A3956D46DE8}") = "test", "test", "{509A6D70-709D-4B71-8796-B2E66FE8A4EA}"
EndProject
Project("{FAE04EC0-301F-11D3-BF4B-00C04F79EFBC}") = "UnitTest", "test\UnitTest\UnitTest.csproj", "{3DC8D20C-4506-4F35-A778-4EF659CDDD1A}"
EndProject
Project("{FAE04EC0-301F-11D3-BF4B-00C04F79EFBC}") = "WebClient", "src\WebClient\WebClient.csproj", "{8BED581C-94FF-4DB0-8B0B-0D40FA4D9C8F}"
EndProject
Global
	GlobalSection(SolutionConfigurationPlatforms) = preSolution
		Debug|Any CPU = Debug|Any CPU
		Release|Any CPU = Release|Any CPU
	EndGlobalSection
	GlobalSection(ProjectConfigurationPlatforms) = postSolution
		{57EB0EFB-DA87-4E8E-82F2-3BFFECE763E4}.Debug|Any CPU.ActiveCfg = Debug|Any CPU
		{57EB0EFB-DA87-4E8E-82F2-3BFFECE763E4}.Debug|Any CPU.Build.0 = Debug|Any CPU
		{57EB0EFB-DA87-4E8E-82F2-3BFFECE763E4}.Release|Any CPU.ActiveCfg = Release|Any CPU
		{57EB0EFB-DA87-4E8E-82F2-3BFFECE763E4}.Release|Any CPU.Build.0 = Release|Any CPU
		{3DC8D20C-4506-4F35-A778-4EF659CDDD1A}.Debug|Any CPU.ActiveCfg = Debug|Any CPU
		{3DC8D20C-4506-4F35-A778-4EF659CDDD1A}.Debug|Any CPU.Build.0 = Debug|Any CPU
		{3DC8D20C-4506-4F35-A778-4EF659CDDD1A}.Release|Any CPU.ActiveCfg = Release|Any CPU
		{3DC8D20C-4506-4F35-A778-4EF659CDDD1A}.Release|Any CPU.Build.0 = Release|Any CPU
		{8BED581C-94FF-4DB0-8B0B-0D40FA4D9C8F}.Debug|Any CPU.ActiveCfg = Debug|Any CPU
		{8BED581C-94FF-4DB0-8B0B-0D40FA4D9C8F}.Debug|Any CPU.Build.0 = Debug|Any CPU
		{8BED581C-94FF-4DB0-8B0B-0D40FA4D9C8F}.Release|Any CPU.ActiveCfg = Release|Any CPU
		{8BED581C-94FF-4DB0-8B0B-0D40FA4D9C8F}.Release|Any CPU.Build.0 = Release|Any CPU
	EndGlobalSection
	GlobalSection(NestedProjects) = preSolution
		{3DC8D20C-4506-4F35-A778-4EF659CDDD1A} = {509A6D70-709D-4B71-8796-B2E66FE8A4EA}
		{57EB0EFB-DA87-4E8E-82F2-3BFFECE763E4} = {1A3F5B2A-3888-4D2C-87DC-5BC816387AB8}
		{8BED581C-94FF-4DB0-8B0B-0D40FA4D9C8F} = {1A3F5B2A-3888-4D2C-87DC-5BC816387AB8}
	EndGlobalSection
EndGlobal
